// !$*UTF8*$!
{
	archiveVersion = 1;
	classes = {
	};
	objectVersion = 56;
	objects = {

/* Begin PBXBuildFile section */
		76C64F2D2B26EFA6000E0108 /* AppDelegate.swift in Sources */ = {isa = PBXBuildFile; fileRef = 76C64F2C2B26EFA6000E0108 /* AppDelegate.swift */; };
		76C64F2F2B26EFA6000E0108 /* SceneDelegate.swift in Sources */ = {isa = PBXBuildFile; fileRef = 76C64F2E2B26EFA6000E0108 /* SceneDelegate.swift */; };
		76C64F312B26EFA6000E0108 /* ViewController.swift in Sources */ = {isa = PBXBuildFile; fileRef = 76C64F302B26EFA6000E0108 /* ViewController.swift */; };
		76C64F362B26EFA8000E0108 /* Assets.xcassets in Resources */ = {isa = PBXBuildFile; fileRef = 76C64F352B26EFA8000E0108 /* Assets.xcassets */; };
		76C64F392B26EFA8000E0108 /* LaunchScreen.storyboard in Resources */ = {isa = PBXBuildFile; fileRef = 76C64F372B26EFA8000E0108 /* LaunchScreen.storyboard */; };
		76C64F422B26EFBD000E0108 /* Then in Frameworks */ = {isa = PBXBuildFile; productRef = 76C64F412B26EFBD000E0108 /* Then */; };
		76C64F452B26EFC8000E0108 /* SnapKit in Frameworks */ = {isa = PBXBuildFile; productRef = 76C64F442B26EFC8000E0108 /* SnapKit */; };
		76C64F482B26EFFE000E0108 /* RxCocoa in Frameworks */ = {isa = PBXBuildFile; productRef = 76C64F472B26EFFE000E0108 /* RxCocoa */; };
		76C64F4A2B26EFFE000E0108 /* RxRelay in Frameworks */ = {isa = PBXBuildFile; productRef = 76C64F492B26EFFE000E0108 /* RxRelay */; };
		76C64F4C2B26EFFE000E0108 /* RxSwift in Frameworks */ = {isa = PBXBuildFile; productRef = 76C64F4B2B26EFFE000E0108 /* RxSwift */; };
		76C64F4E2B26F0C7000E0108 /* SNSLoginViewController.swift in Sources */ = {isa = PBXBuildFile; fileRef = 76C64F4D2B26F0C7000E0108 /* SNSLoginViewController.swift */; };
		76C64F502B26F0D1000E0108 /* SNSSignUpViewController.swift in Sources */ = {isa = PBXBuildFile; fileRef = 76C64F4F2B26F0D1000E0108 /* SNSSignUpViewController.swift */; };
		76C64F532B26F10B000E0108 /* PrimaryButton.swift in Sources */ = {isa = PBXBuildFile; fileRef = 76C64F522B26F10B000E0108 /* PrimaryButton.swift */; };
		76C64F562B26F2D8000E0108 /* UIView+Extension.swift in Sources */ = {isa = PBXBuildFile; fileRef = 76C64F552B26F2D8000E0108 /* UIView+Extension.swift */; };
/* End PBXBuildFile section */

/* Begin PBXFileReference section */
		76C64F292B26EFA6000E0108 /* SNSLogin.app */ = {isa = PBXFileReference; explicitFileType = wrapper.application; includeInIndex = 0; path = SNSLogin.app; sourceTree = BUILT_PRODUCTS_DIR; };
		76C64F2C2B26EFA6000E0108 /* AppDelegate.swift */ = {isa = PBXFileReference; lastKnownFileType = sourcecode.swift; path = AppDelegate.swift; sourceTree = "<group>"; };
		76C64F2E2B26EFA6000E0108 /* SceneDelegate.swift */ = {isa = PBXFileReference; lastKnownFileType = sourcecode.swift; path = SceneDelegate.swift; sourceTree = "<group>"; };
		76C64F302B26EFA6000E0108 /* ViewController.swift */ = {isa = PBXFileReference; lastKnownFileType = sourcecode.swift; path = ViewController.swift; sourceTree = "<group>"; };
		76C64F352B26EFA8000E0108 /* Assets.xcassets */ = {isa = PBXFileReference; lastKnownFileType = folder.assetcatalog; path = Assets.xcassets; sourceTree = "<group>"; };
		76C64F382B26EFA8000E0108 /* Base */ = {isa = PBXFileReference; lastKnownFileType = file.storyboard; name = Base; path = Base.lproj/LaunchScreen.storyboard; sourceTree = "<group>"; };
		76C64F3A2B26EFA8000E0108 /* Info.plist */ = {isa = PBXFileReference; lastKnownFileType = text.plist.xml; path = Info.plist; sourceTree = "<group>"; };
		76C64F4D2B26F0C7000E0108 /* SNSLoginViewController.swift */ = {isa = PBXFileReference; lastKnownFileType = sourcecode.swift; path = SNSLoginViewController.swift; sourceTree = "<group>"; };
		76C64F4F2B26F0D1000E0108 /* SNSSignUpViewController.swift */ = {isa = PBXFileReference; lastKnownFileType = sourcecode.swift; path = SNSSignUpViewController.swift; sourceTree = "<group>"; };
		76C64F522B26F10B000E0108 /* PrimaryButton.swift */ = {isa = PBXFileReference; lastKnownFileType = sourcecode.swift; path = PrimaryButton.swift; sourceTree = "<group>"; };
		76C64F552B26F2D8000E0108 /* UIView+Extension.swift */ = {isa = PBXFileReference; lastKnownFileType = sourcecode.swift; path = "UIView+Extension.swift"; sourceTree = "<group>"; };
/* End PBXFileReference section */

/* Begin PBXFrameworksBuildPhase section */
		76C64F262B26EFA6000E0108 /* Frameworks */ = {
			isa = PBXFrameworksBuildPhase;
			buildActionMask = 2147483647;
			files = (
				76C64F482B26EFFE000E0108 /* RxCocoa in Frameworks */,
				76C64F422B26EFBD000E0108 /* Then in Frameworks */,
				76C64F4C2B26EFFE000E0108 /* RxSwift in Frameworks */,
				76C64F4A2B26EFFE000E0108 /* RxRelay in Frameworks */,
				76C64F452B26EFC8000E0108 /* SnapKit in Frameworks */,
			);
			runOnlyForDeploymentPostprocessing = 0;
		};
/* End PBXFrameworksBuildPhase section */

/* Begin PBXGroup section */
		76C64F202B26EFA6000E0108 = {
			isa = PBXGroup;
			children = (
				76C64F2B2B26EFA6000E0108 /* SNSLogin */,
				76C64F2A2B26EFA6000E0108 /* Products */,
			);
			sourceTree = "<group>";
		};
		76C64F2A2B26EFA6000E0108 /* Products */ = {
			isa = PBXGroup;
			children = (
				76C64F292B26EFA6000E0108 /* SNSLogin.app */,
			);
			name = Products;
			sourceTree = "<group>";
		};
		76C64F2B2B26EFA6000E0108 /* SNSLogin */ = {
			isa = PBXGroup;
			children = (
				76C64F582B26F480000E0108 /* Support */,
				76C64F572B26F46D000E0108 /* Screens */,
				76C64F542B26F2C6000E0108 /* Helper */,
				76C64F512B26F0EE000E0108 /* CustomViews */,
				76C64F3A2B26EFA8000E0108 /* Info.plist */,
			);
			path = SNSLogin;
			sourceTree = "<group>";
		};
		76C64F512B26F0EE000E0108 /* CustomViews */ = {
			isa = PBXGroup;
			children = (
				76C64F522B26F10B000E0108 /* PrimaryButton.swift */,
			);
			path = CustomViews;
			sourceTree = "<group>";
		};
		76C64F542B26F2C6000E0108 /* Helper */ = {
			isa = PBXGroup;
			children = (
				76C64F552B26F2D8000E0108 /* UIView+Extension.swift */,
			);
			path = Helper;
			sourceTree = "<group>";
		};
		76C64F572B26F46D000E0108 /* Screens */ = {
			isa = PBXGroup;
			children = (
				76C64F302B26EFA6000E0108 /* ViewController.swift */,
				76C64F4D2B26F0C7000E0108 /* SNSLoginViewController.swift */,
				76C64F4F2B26F0D1000E0108 /* SNSSignUpViewController.swift */,
			);
			path = Screens;
			sourceTree = "<group>";
		};
		76C64F582B26F480000E0108 /* Support */ = {
			isa = PBXGroup;
			children = (
				76C64F2C2B26EFA6000E0108 /* AppDelegate.swift */,
				76C64F2E2B26EFA6000E0108 /* SceneDelegate.swift */,
				76C64F352B26EFA8000E0108 /* Assets.xcassets */,
				76C64F372B26EFA8000E0108 /* LaunchScreen.storyboard */,
			);
			path = Support;
			sourceTree = "<group>";
		};
/* End PBXGroup section */

/* Begin PBXNativeTarget section */
		76C64F282B26EFA6000E0108 /* SNSLogin */ = {
			isa = PBXNativeTarget;
			buildConfigurationList = 76C64F3D2B26EFA8000E0108 /* Build configuration list for PBXNativeTarget "SNSLogin" */;
			buildPhases = (
				76C64F252B26EFA6000E0108 /* Sources */,
				76C64F262B26EFA6000E0108 /* Frameworks */,
				76C64F272B26EFA6000E0108 /* Resources */,
			);
			buildRules = (
			);
			dependencies = (
			);
			name = SNSLogin;
			packageProductDependencies = (
				76C64F412B26EFBD000E0108 /* Then */,
				76C64F442B26EFC8000E0108 /* SnapKit */,
				76C64F472B26EFFE000E0108 /* RxCocoa */,
				76C64F492B26EFFE000E0108 /* RxRelay */,
				76C64F4B2B26EFFE000E0108 /* RxSwift */,
			);
			productName = SNSLogin;
			productReference = 76C64F292B26EFA6000E0108 /* SNSLogin.app */;
			productType = "com.apple.product-type.application";
		};
/* End PBXNativeTarget section */

/* Begin PBXProject section */
		76C64F212B26EFA6000E0108 /* Project object */ = {
			isa = PBXProject;
			attributes = {
				BuildIndependentTargetsInParallel = 1;
				LastSwiftUpdateCheck = 1500;
				LastUpgradeCheck = 1500;
				TargetAttributes = {
					76C64F282B26EFA6000E0108 = {
						CreatedOnToolsVersion = 15.0.1;
					};
				};
			};
			buildConfigurationList = 76C64F242B26EFA6000E0108 /* Build configuration list for PBXProject "SNSLogin" */;
			compatibilityVersion = "Xcode 14.0";
			developmentRegion = en;
			hasScannedForEncodings = 0;
			knownRegions = (
				en,
				Base,
			);
			mainGroup = 76C64F202B26EFA6000E0108;
			packageReferences = (
				76C64F402B26EFBD000E0108 /* XCRemoteSwiftPackageReference "Then" */,
				76C64F432B26EFC8000E0108 /* XCRemoteSwiftPackageReference "SnapKit" */,
				76C64F462B26EFFE000E0108 /* XCRemoteSwiftPackageReference "RxSwift" */,
			);
			productRefGroup = 76C64F2A2B26EFA6000E0108 /* Products */;
			projectDirPath = "";
			projectRoot = "";
			targets = (
				76C64F282B26EFA6000E0108 /* SNSLogin */,
			);
		};
/* End PBXProject section */

/* Begin PBXResourcesBuildPhase section */
		76C64F272B26EFA6000E0108 /* Resources */ = {
			isa = PBXResourcesBuildPhase;
			buildActionMask = 2147483647;
			files = (
				76C64F392B26EFA8000E0108 /* LaunchScreen.storyboard in Resources */,
				76C64F362B26EFA8000E0108 /* Assets.xcassets in Resources */,
			);
			runOnlyForDeploymentPostprocessing = 0;
		};
/* End PBXResourcesBuildPhase section */

/* Begin PBXSourcesBuildPhase section */
		76C64F252B26EFA6000E0108 /* Sources */ = {
			isa = PBXSourcesBuildPhase;
			buildActionMask = 2147483647;
			files = (
				76C64F532B26F10B000E0108 /* PrimaryButton.swift in Sources */,
				76C64F562B26F2D8000E0108 /* UIView+Extension.swift in Sources */,
				76C64F312B26EFA6000E0108 /* ViewController.swift in Sources */,
				76C64F2D2B26EFA6000E0108 /* AppDelegate.swift in Sources */,
				76C64F2F2B26EFA6000E0108 /* SceneDelegate.swift in Sources */,
				76C64F502B26F0D1000E0108 /* SNSSignUpViewController.swift in Sources */,
				76C64F4E2B26F0C7000E0108 /* SNSLoginViewController.swift in Sources */,
			);
			runOnlyForDeploymentPostprocessing = 0;
		};
/* End PBXSourcesBuildPhase section */

/* Begin PBXVariantGroup section */
		76C64F372B26EFA8000E0108 /* LaunchScreen.storyboard */ = {
			isa = PBXVariantGroup;
			children = (
				76C64F382B26EFA8000E0108 /* Base */,
			);
			name = LaunchScreen.storyboard;
			sourceTree = "<group>";
		};
/* End PBXVariantGroup section */

/* Begin XCBuildConfiguration section */
		76C64F3B2B26EFA8000E0108 /* Debug */ = {
			isa = XCBuildConfiguration;
			buildSettings = {
				ALWAYS_SEARCH_USER_PATHS = NO;
				ASSETCATALOG_COMPILER_GENERATE_SWIFT_ASSET_SYMBOL_EXTENSIONS = YES;
				CLANG_ANALYZER_NONNULL = YES;
				CLANG_ANALYZER_NUMBER_OBJECT_CONVERSION = YES_AGGRESSIVE;
				CLANG_CXX_LANGUAGE_STANDARD = "gnu++20";
				CLANG_ENABLE_MODULES = YES;
				CLANG_ENABLE_OBJC_ARC = YES;
				CLANG_ENABLE_OBJC_WEAK = YES;
				CLANG_WARN_BLOCK_CAPTURE_AUTORELEASING = YES;
				CLANG_WARN_BOOL_CONVERSION = YES;
				CLANG_WARN_COMMA = YES;
				CLANG_WARN_CONSTANT_CONVERSION = YES;
				CLANG_WARN_DEPRECATED_OBJC_IMPLEMENTATIONS = YES;
				CLANG_WARN_DIRECT_OBJC_ISA_USAGE = YES_ERROR;
				CLANG_WARN_DOCUMENTATION_COMMENTS = YES;
				CLANG_WARN_EMPTY_BODY = YES;
				CLANG_WARN_ENUM_CONVERSION = YES;
				CLANG_WARN_INFINITE_RECURSION = YES;
				CLANG_WARN_INT_CONVERSION = YES;
				CLANG_WARN_NON_LITERAL_NULL_CONVERSION = YES;
				CLANG_WARN_OBJC_IMPLICIT_RETAIN_SELF = YES;
				CLANG_WARN_OBJC_LITERAL_CONVERSION = YES;
				CLANG_WARN_OBJC_ROOT_CLASS = YES_ERROR;
				CLANG_WARN_QUOTED_INCLUDE_IN_FRAMEWORK_HEADER = YES;
				CLANG_WARN_RANGE_LOOP_ANALYSIS = YES;
				CLANG_WARN_STRICT_PROTOTYPES = YES;
				CLANG_WARN_SUSPICIOUS_MOVE = YES;
				CLANG_WARN_UNGUARDED_AVAILABILITY = YES_AGGRESSIVE;
				CLANG_WARN_UNREACHABLE_CODE = YES;
				CLANG_WARN__DUPLICATE_METHOD_MATCH = YES;
				COPY_PHASE_STRIP = NO;
				DEBUG_INFORMATION_FORMAT = dwarf;
				ENABLE_STRICT_OBJC_MSGSEND = YES;
				ENABLE_TESTABILITY = YES;
				ENABLE_USER_SCRIPT_SANDBOXING = YES;
				GCC_C_LANGUAGE_STANDARD = gnu17;
				GCC_DYNAMIC_NO_PIC = NO;
				GCC_NO_COMMON_BLOCKS = YES;
				GCC_OPTIMIZATION_LEVEL = 0;
				GCC_PREPROCESSOR_DEFINITIONS = (
					"DEBUG=1",
					"$(inherited)",
				);
				GCC_WARN_64_TO_32_BIT_CONVERSION = YES;
				GCC_WARN_ABOUT_RETURN_TYPE = YES_ERROR;
				GCC_WARN_UNDECLARED_SELECTOR = YES;
				GCC_WARN_UNINITIALIZED_AUTOS = YES_AGGRESSIVE;
				GCC_WARN_UNUSED_FUNCTION = YES;
				GCC_WARN_UNUSED_VARIABLE = YES;
				IPHONEOS_DEPLOYMENT_TARGET = 15.0;
				LOCALIZATION_PREFERS_STRING_CATALOGS = YES;
				MTL_ENABLE_DEBUG_INFO = INCLUDE_SOURCE;
				MTL_FAST_MATH = YES;
				ONLY_ACTIVE_ARCH = YES;
				SDKROOT = iphoneos;
				SWIFT_ACTIVE_COMPILATION_CONDITIONS = "DEBUG $(inherited)";
				SWIFT_OPTIMIZATION_LEVEL = "-Onone";
			};
			name = Debug;
		};
		76C64F3C2B26EFA8000E0108 /* Release */ = {
			isa = XCBuildConfiguration;
			buildSettings = {
				ALWAYS_SEARCH_USER_PATHS = NO;
				ASSETCATALOG_COMPILER_GENERATE_SWIFT_ASSET_SYMBOL_EXTENSIONS = YES;
				CLANG_ANALYZER_NONNULL = YES;
				CLANG_ANALYZER_NUMBER_OBJECT_CONVERSION = YES_AGGRESSIVE;
				CLANG_CXX_LANGUAGE_STANDARD = "gnu++20";
				CLANG_ENABLE_MODULES = YES;
				CLANG_ENABLE_OBJC_ARC = YES;
				CLANG_ENABLE_OBJC_WEAK = YES;
				CLANG_WARN_BLOCK_CAPTURE_AUTORELEASING = YES;
				CLANG_WARN_BOOL_CONVERSION = YES;
				CLANG_WARN_COMMA = YES;
				CLANG_WARN_CONSTANT_CONVERSION = YES;
				CLANG_WARN_DEPRECATED_OBJC_IMPLEMENTATIONS = YES;
				CLANG_WARN_DIRECT_OBJC_ISA_USAGE = YES_ERROR;
				CLANG_WARN_DOCUMENTATION_COMMENTS = YES;
				CLANG_WARN_EMPTY_BODY = YES;
				CLANG_WARN_ENUM_CONVERSION = YES;
				CLANG_WARN_INFINITE_RECURSION = YES;
				CLANG_WARN_INT_CONVERSION = YES;
				CLANG_WARN_NON_LITERAL_NULL_CONVERSION = YES;
				CLANG_WARN_OBJC_IMPLICIT_RETAIN_SELF = YES;
				CLANG_WARN_OBJC_LITERAL_CONVERSION = YES;
				CLANG_WARN_OBJC_ROOT_CLASS = YES_ERROR;
				CLANG_WARN_QUOTED_INCLUDE_IN_FRAMEWORK_HEADER = YES;
				CLANG_WARN_RANGE_LOOP_ANALYSIS = YES;
				CLANG_WARN_STRICT_PROTOTYPES = YES;
				CLANG_WARN_SUSPICIOUS_MOVE = YES;
				CLANG_WARN_UNGUARDED_AVAILABILITY = YES_AGGRESSIVE;
				CLANG_WARN_UNREACHABLE_CODE = YES;
				CLANG_WARN__DUPLICATE_METHOD_MATCH = YES;
				COPY_PHASE_STRIP = NO;
				DEBUG_INFORMATION_FORMAT = "dwarf-with-dsym";
				ENABLE_NS_ASSERTIONS = NO;
				ENABLE_STRICT_OBJC_MSGSEND = YES;
				ENABLE_USER_SCRIPT_SANDBOXING = YES;
				GCC_C_LANGUAGE_STANDARD = gnu17;
				GCC_NO_COMMON_BLOCKS = YES;
				GCC_WARN_64_TO_32_BIT_CONVERSION = YES;
				GCC_WARN_ABOUT_RETURN_TYPE = YES_ERROR;
				GCC_WARN_UNDECLARED_SELECTOR = YES;
				GCC_WARN_UNINITIALIZED_AUTOS = YES_AGGRESSIVE;
				GCC_WARN_UNUSED_FUNCTION = YES;
				GCC_WARN_UNUSED_VARIABLE = YES;
				IPHONEOS_DEPLOYMENT_TARGET = 15.0;
				LOCALIZATION_PREFERS_STRING_CATALOGS = YES;
				MTL_ENABLE_DEBUG_INFO = NO;
				MTL_FAST_MATH = YES;
				SDKROOT = iphoneos;
				SWIFT_COMPILATION_MODE = wholemodule;
				VALIDATE_PRODUCT = YES;
			};
			name = Release;
		};
		76C64F3E2B26EFA8000E0108 /* Debug */ = {
			isa = XCBuildConfiguration;
			buildSettings = {
				ASSETCATALOG_COMPILER_APPICON_NAME = AppIcon;
				ASSETCATALOG_COMPILER_GLOBAL_ACCENT_COLOR_NAME = AccentColor;
				CODE_SIGN_STYLE = Automatic;
				CURRENT_PROJECT_VERSION = 1;
				DEVELOPMENT_TEAM = 5FG8AK3G25;
				GENERATE_INFOPLIST_FILE = YES;
				INFOPLIST_FILE = SNSLogin/Info.plist;
				INFOPLIST_KEY_UIApplicationSupportsIndirectInputEvents = YES;
				INFOPLIST_KEY_UILaunchStoryboardName = LaunchScreen;
				INFOPLIST_KEY_UISupportedInterfaceOrientations_iPad = "UIInterfaceOrientationPortrait UIInterfaceOrientationPortraitUpsideDown UIInterfaceOrientationLandscapeLeft UIInterfaceOrientationLandscapeRight";
				INFOPLIST_KEY_UISupportedInterfaceOrientations_iPhone = "UIInterfaceOrientationPortrait UIInterfaceOrientationLandscapeLeft UIInterfaceOrientationLandscapeRight";
				LD_RUNPATH_SEARCH_PATHS = (
					"$(inherited)",
					"@executable_path/Frameworks",
				);
				MARKETING_VERSION = 1.0;
				PRODUCT_BUNDLE_IDENTIFIER = com.sookim.SNSLogin;
				PRODUCT_NAME = "$(TARGET_NAME)";
				SWIFT_EMIT_LOC_STRINGS = YES;
				SWIFT_VERSION = 5.0;
				TARGETED_DEVICE_FAMILY = "1,2";
			};
			name = Debug;
		};
		76C64F3F2B26EFA8000E0108 /* Release */ = {
			isa = XCBuildConfiguration;
			buildSettings = {
				ASSETCATALOG_COMPILER_APPICON_NAME = AppIcon;
				ASSETCATALOG_COMPILER_GLOBAL_ACCENT_COLOR_NAME = AccentColor;
				CODE_SIGN_STYLE = Automatic;
				CURRENT_PROJECT_VERSION = 1;
				DEVELOPMENT_TEAM = 5FG8AK3G25;
				GENERATE_INFOPLIST_FILE = YES;
				INFOPLIST_FILE = SNSLogin/Info.plist;
				INFOPLIST_KEY_UIApplicationSupportsIndirectInputEvents = YES;
				INFOPLIST_KEY_UILaunchStoryboardName = LaunchScreen;
				INFOPLIST_KEY_UISupportedInterfaceOrientations_iPad = "UIInterfaceOrientationPortrait UIInterfaceOrientationPortraitUpsideDown UIInterfaceOrientationLandscapeLeft UIInterfaceOrientationLandscapeRight";
				INFOPLIST_KEY_UISupportedInterfaceOrientations_iPhone = "UIInterfaceOrientationPortrait UIInterfaceOrientationLandscapeLeft UIInterfaceOrientationLandscapeRight";
				LD_RUNPATH_SEARCH_PATHS = (
					"$(inherited)",
					"@executable_path/Frameworks",
				);
				MARKETING_VERSION = 1.0;
				PRODUCT_BUNDLE_IDENTIFIER = com.sookim.SNSLogin;
				PRODUCT_NAME = "$(TARGET_NAME)";
				SWIFT_EMIT_LOC_STRINGS = YES;
				SWIFT_VERSION = 5.0;
				TARGETED_DEVICE_FAMILY = "1,2";
			};
			name = Release;
		};
/* End XCBuildConfiguration section */

/* Begin XCConfigurationList section */
		76C64F242B26EFA6000E0108 /* Build configuration list for PBXProject "SNSLogin" */ = {
			isa = XCConfigurationList;
			buildConfigurations = (
				76C64F3B2B26EFA8000E0108 /* Debug */,
				76C64F3C2B26EFA8000E0108 /* Release */,
			);
			defaultConfigurationIsVisible = 0;
			defaultConfigurationName = Release;
		};
		76C64F3D2B26EFA8000E0108 /* Build configuration list for PBXNativeTarget "SNSLogin" */ = {
			isa = XCConfigurationList;
			buildConfigurations = (
				76C64F3E2B26EFA8000E0108 /* Debug */,
				76C64F3F2B26EFA8000E0108 /* Release */,
			);
			defaultConfigurationIsVisible = 0;
			defaultConfigurationName = Release;
		};
/* End XCConfigurationList section */

/* Begin XCRemoteSwiftPackageReference section */
		76C64F402B26EFBD000E0108 /* XCRemoteSwiftPackageReference "Then" */ = {
			isa = XCRemoteSwiftPackageReference;
			repositoryURL = "https://github.com/devxoul/Then.git";
			requirement = {
				kind = upToNextMajorVersion;
				minimumVersion = 3.0.0;
			};
		};
		76C64F432B26EFC8000E0108 /* XCRemoteSwiftPackageReference "SnapKit" */ = {
			isa = XCRemoteSwiftPackageReference;
			repositoryURL = "https://github.com/SnapKit/SnapKit.git";
			requirement = {
				kind = upToNextMajorVersion;
				minimumVersion = 5.6.0;
			};
		};
		76C64F462B26EFFE000E0108 /* XCRemoteSwiftPackageReference "RxSwift" */ = {
			isa = XCRemoteSwiftPackageReference;
			repositoryURL = "https://github.com/ReactiveX/RxSwift.git";
			requirement = {
				kind = upToNextMajorVersion;
				minimumVersion = 6.6.0;
			};
		};
/* End XCRemoteSwiftPackageReference section */

/* Begin XCSwiftPackageProductDependency section */
		76C64F412B26EFBD000E0108 /* Then */ = {
			isa = XCSwiftPackageProductDependency;
			package = 76C64F402B26EFBD000E0108 /* XCRemoteSwiftPackageReference "Then" */;
			productName = Then;
		};
		76C64F442B26EFC8000E0108 /* SnapKit */ = {
			isa = XCSwiftPackageProductDependency;
			package = 76C64F432B26EFC8000E0108 /* XCRemoteSwiftPackageReference "SnapKit" */;
			productName = SnapKit;
		};
		76C64F472B26EFFE000E0108 /* RxCocoa */ = {
			isa = XCSwiftPackageProductDependency;
			package = 76C64F462B26EFFE000E0108 /* XCRemoteSwiftPackageReference "RxSwift" */;
			productName = RxCocoa;
		};
		76C64F492B26EFFE000E0108 /* RxRelay */ = {
			isa = XCSwiftPackageProductDependency;
			package = 76C64F462B26EFFE000E0108 /* XCRemoteSwiftPackageReference "RxSwift" */;
			productName = RxRelay;
		};
		76C64F4B2B26EFFE000E0108 /* RxSwift */ = {
			isa = XCSwiftPackageProductDependency;
			package = 76C64F462B26EFFE000E0108 /* XCRemoteSwiftPackageReference "RxSwift" */;
			productName = RxSwift;
		};
/* End XCSwiftPackageProductDependency section */
	};
	rootObject = 76C64F212B26EFA6000E0108 /* Project object */;
}
